
Microsoft Visual Studio Solution File, Format Version 12.00
# Visual Studio Version 16
VisualStudioVersion = 16.0.30804.86
MinimumVisualStudioVersion = 10.0.40219.1
Project("{FAE04EC0-301F-11D3-BF4B-00C04F79EFBC}") = "dbfirstdotnet", "dbfirstdotnet.csproj", "{B9A00A5A-4FA5-4982-B503-D802FB60B3E5}"
EndProject
Global
	GlobalSection(SolutionConfigurationPlatforms) = preSolution
		Debug|Any CPU = Debug|Any CPU
		Release|Any CPU = Release|Any CPU
	EndGlobalSection
	GlobalSection(ProjectConfigurationPlatforms) = postSolution
		{B9A00A5A-4FA5-4982-B503-D802FB60B3E5}.Debug|Any CPU.ActiveCfg = Debug|Any CPU
		{B9A00A5A-4FA5-4982-B503-D802FB60B3E5}.Debug|Any CPU.Build.0 = Debug|Any CPU
		{B9A00A5A-4FA5-4982-B503-D802FB60B3E5}.Release|Any CPU.ActiveCfg = Release|Any CPU
		{B9A00A5A-4FA5-4982-B503-D802FB60B3E5}.Release|Any CPU.Build.0 = Release|Any CPU
	EndGlobalSection
	GlobalSection(SolutionProperties) = preSolution
		HideSolutionNode = FALSE
	EndGlobalSection
	GlobalSection(ExtensibilityGlobals) = postSolution
		SolutionGuid = {88FFBB30-DFFC-4DF4-B169-97C74AC39C73}
	EndGlobalSection
EndGlobal
